
Microsoft Visual Studio Solution File, Format Version 12.00
# Visual Studio 14
VisualStudioVersion = 14.0.25420.1
MinimumVisualStudioVersion = 10.0.40219.1
Project("{8BC9CEB8-8B4A-11D0-8D11-00A0C91BC942}") = "MailLib", "MailLib.vcxproj", "{EC523924-AB76-4367-9B33-D29162151C8F}"
EndProject
Global
	GlobalSection(SolutionConfigurationPlatforms) = preSolution
		Debug|ARM = Debug|ARM
		Debug|Win32 = Debug|Win32
		Debug|x64 = Debug|x64
		Release|ARM = Release|ARM
		Release|Win32 = Release|Win32
		Release|x64 = Release|x64
		Test|ARM = Test|ARM
		Test|Win32 = Test|Win32
		Test|x64 = Test|x64
	EndGlobalSection
	GlobalSection(ProjectConfigurationPlatforms) = postSolution
		{EC523924-AB76-4367-9B33-D29162151C8F}.Debug|ARM.ActiveCfg = Debug|Win32
		{EC523924-AB76-4367-9B33-D29162151C8F}.Debug|ARM.Build.0 = Debug|Win32
		{EC523924-AB76-4367-9B33-D29162151C8F}.Debug|Win32.ActiveCfg = Debug|Win32
		{EC523924-AB76-4367-9B33-D29162151C8F}.Debug|Win32.Build.0 = Debug|Win32
		{EC523924-AB76-4367-9B33-D29162151C8F}.Debug|Win32.Deploy.0 = Debug|Win32
		{EC523924-AB76-4367-9B33-D29162151C8F}.Debug|x64.ActiveCfg = Debug|Win32
		{EC523924-AB76-4367-9B33-D29162151C8F}.Debug|x64.Build.0 = Debug|Win32
		{EC523924-AB76-4367-9B33-D29162151C8F}.Release|ARM.ActiveCfg = Release|Win32
		{EC523924-AB76-4367-9B33-D29162151C8F}.Release|Win32.ActiveCfg = Release|Win32
		{EC523924-AB76-4367-9B33-D29162151C8F}.Release|Win32.Build.0 = Release|Win32
		{EC523924-AB76-4367-9B33-D29162151C8F}.Release|x64.ActiveCfg = Release|Win32
		{EC523924-AB76-4367-9B33-D29162151C8F}.Test|ARM.ActiveCfg = Test|Win32
		{EC523924-AB76-4367-9B33-D29162151C8F}.Test|Win32.ActiveCfg = Test|Win32
		{EC523924-AB76-4367-9B33-D29162151C8F}.Test|Win32.Build.0 = Test|Win32
		{EC523924-AB76-4367-9B33-D29162151C8F}.Test|x64.ActiveCfg = Test|Win32
	EndGlobalSection
	GlobalSection(SolutionProperties) = preSolution
		HideSolutionNode = FALSE
	EndGlobalSection
EndGlobal
