<?xml version="1.0" encoding="utf-8"?>
<Project ToolsVersion="4.0" xmlns="http://schemas.microsoft.com/developer/msbuild/2003">
  <ItemGroup>
    <Filter Include="Quellcodedateien">
      <UniqueIdentifier>{bb6c0524-614b-4af4-bb10-d4bc174576c5}</UniqueIdentifier>
      <Extensions>cpp;c;cxx;rc;def;r;odl;idl;hpj;bat</Extensions>
    </Filter>
    <Filter Include="Ressourcendateien">
      <UniqueIdentifier>{8bae34c9-baf2-453d-813e-4edec123fb07}</UniqueIdentifier>
      <Extensions>ico;cur;bmp;dlg;rc2;rct;bin;rgs;gif;jpg;jpeg;jpe</Extensions>
    </Filter>
    <Filter Include="Smtp">
      <UniqueIdentifier>{b05128c1-996a-4a27-b02a-07e84fb8f05d}</UniqueIdentifier>
    </Filter>
    <Filter Include="SQL">
      <UniqueIdentifier>{bc1d9b94-7f96-44d9-8068-9b876dd501ad}</UniqueIdentifier>
    </Filter>
    <Filter Include="Pop3">
      <UniqueIdentifier>{f33f1721-4dad-4b84-9f0f-40cba79a1a57}</UniqueIdentifier>
    </Filter>
    <Filter Include="Mapi">
      <UniqueIdentifier>{4a1a586d-5eeb-40a7-8ac5-8e4943597d79}</UniqueIdentifier>
    </Filter>
    <Filter Include="Utils">
      <UniqueIdentifier>{3ad54fdf-da83-42fd-9de6-84948c125fa2}</UniqueIdentifier>
    </Filter>
    <Filter Include="Tests">
      <UniqueIdentifier>{9b3cba6b-0bca-4a49-8d91-05878a2a55a9}</UniqueIdentifier>
    </Filter>
  </ItemGroup>
  <ItemGroup>
    <ClCompile Include="MailDll.cpp">
      <Filter>Quellcodedateien</Filter>
    </ClCompile>
    <ClCompile Include="Smtp\base64.cpp">
      <Filter>Smtp</Filter>
    </ClCompile>
    <ClCompile Include="Smtp\CSmtp.cpp">
      <Filter>Smtp</Filter>
    </ClCompile>
    <ClCompile Include="Smtp\md5.cpp">
      <Filter>Smtp</Filter>
    </ClCompile>
    <ClCompile Include="SQL\sql.c">
      <Filter>SQL</Filter>
    </ClCompile>
    <ClCompile Include="Tests\test.cpp">
      <Filter>Tests</Filter>
    </ClCompile>
    <ClCompile Include="Utils\GenericFuncs.c">
      <Filter>Utils</Filter>
    </ClCompile>
    <ClCompile Include="Utils\Util.c">
      <Filter>Utils</Filter>
    </ClCompile>
    <ClCompile Include="Utils\Md5\HmacMd5.c">
      <Filter>Utils</Filter>
    </ClCompile>
    <ClCompile Include="Utils\Md5\HmacMd5Test.c">
      <Filter>Utils</Filter>
    </ClCompile>
    <ClCompile Include="Utils\Md5\Md5_0.c">
      <Filter>Utils</Filter>
    </ClCompile>
    <ClCompile Include="Utils\Base64\Base64_0.c">
      <Filter>Utils</Filter>
    </ClCompile>
    <ClCompile Include="Pop3\Pop3.c">
      <Filter>Pop3</Filter>
    </ClCompile>
    <ClCompile Include="Mapi\MapiMail.c">
      <Filter>Mapi</Filter>
    </ClCompile>
  </ItemGroup>
  <ItemGroup>
    <ResourceCompile Include="MailLib.rc">
      <Filter>Quellcodedateien</Filter>
    </ResourceCompile>
  </ItemGroup>
  <ItemGroup>
    <ClInclude Include="MailDll.h">
      <Filter>Quellcodedateien</Filter>
    </ClInclude>
    <ClInclude Include="MailLib.h">
      <Filter>Quellcodedateien</Filter>
    </ClInclude>
    <ClInclude Include="Smtp\base64.h">
      <Filter>Smtp</Filter>
    </ClInclude>
    <ClInclude Include="Smtp\CSmtp.h">
      <Filter>Smtp</Filter>
    </ClInclude>
    <ClInclude Include="Smtp\md5.h">
      <Filter>Smtp</Filter>
    </ClInclude>
    <ClInclude Include="SQL\ibnsql.h">
      <Filter>SQL</Filter>
    </ClInclude>
    <ClInclude Include="Utils\GenericFuncs.h">
      <Filter>Utils</Filter>
    </ClInclude>
    <ClInclude Include="Utils\resource.h">
      <Filter>Utils</Filter>
    </ClInclude>
    <ClInclude Include="Utils\Util.h">
      <Filter>Utils</Filter>
    </ClInclude>
    <ClInclude Include="Utils\Md5\HmacMd5.h">
      <Filter>Utils</Filter>
    </ClInclude>
    <ClInclude Include="Utils\Md5\Md5_0.h">
      <Filter>Utils</Filter>
    </ClInclude>
    <ClInclude Include="Utils\Md5\Md5Global_0.h">
      <Filter>Utils</Filter>
    </ClInclude>
    <ClInclude Include="Utils\Base64\Base64_0.h">
      <Filter>Utils</Filter>
    </ClInclude>
    <ClInclude Include="Pop3\Pop3.h">
      <Filter>Pop3</Filter>
    </ClInclude>
    <ClInclude Include="Mapi\MapiMail.h">
      <Filter>Mapi</Filter>
    </ClInclude>
  </ItemGroup>
  <ItemGroup>
    <Library Include="SHLWAPI.LIB">
      <Filter>Ressourcendateien</Filter>
    </Library>
    <Library Include="VERSION.LIB">
      <Filter>Ressourcendateien</Filter>
    </Library>
    <Library Include="WS2_32.LIB">
      <Filter>Ressourcendateien</Filter>
    </Library>
  </ItemGroup>
</Project>