<?xml version="1.0" encoding="utf-8"?>
<Project ToolsVersion="4.0" xmlns="http://schemas.microsoft.com/developer/msbuild/2003">
  <ItemGroup>
    <Filter Include="Quelldateien">
      <UniqueIdentifier>{4FC737F1-C7A5-4376-A066-2A32D752A2FF}</UniqueIdentifier>
      <Extensions>cpp;c;cc;cxx;def;odl;idl;hpj;bat;asm;asmx</Extensions>
    </Filter>
    <Filter Include="Headerdateien">
      <UniqueIdentifier>{93995380-89BD-4b04-88EB-625FBE52EBFB}</UniqueIdentifier>
      <Extensions>h;hpp;hxx;hm;inl;inc;xsd</Extensions>
    </Filter>
    <Filter Include="Ressourcendateien">
      <UniqueIdentifier>{67DA6AB6-F800-4c08-8B7A-83BB121AAD01}</UniqueIdentifier>
      <Extensions>rc;ico;cur;bmp;dlg;rc2;rct;bin;rgs;gif;jpg;jpeg;jpe;resx;tiff;tif;png;wav;mfcribbon-ms</Extensions>
    </Filter>
    <Filter Include="Smtp">
      <UniqueIdentifier>{d6fe350e-6b7b-4c57-af8b-049430e2bf2d}</UniqueIdentifier>
    </Filter>
    <Filter Include="Utils">
      <UniqueIdentifier>{74389c20-9742-49eb-8824-51aeb9665729}</UniqueIdentifier>
    </Filter>
    <Filter Include="SampleContent">
      <UniqueIdentifier>{b05254a7-1484-4016-a9cb-451bd5904162}</UniqueIdentifier>
    </Filter>
  </ItemGroup>
  <ItemGroup>
    <ClCompile Include="MailDll.cpp">
      <Filter>Quelldateien</Filter>
    </ClCompile>
    <ClCompile Include="Smtp\base64.cpp">
      <Filter>Smtp</Filter>
    </ClCompile>
    <ClCompile Include="Smtp\CSmtp.cpp">
      <Filter>Smtp</Filter>
    </ClCompile>
    <ClCompile Include="Smtp\md5.cpp">
      <Filter>Smtp</Filter>
    </ClCompile>
    <ClCompile Include="Utils\vector.c">
      <Filter>Utils</Filter>
    </ClCompile>
    <ClCompile Include="MailLib.c">
      <Filter>Quelldateien</Filter>
    </ClCompile>
  </ItemGroup>
  <ItemGroup>
    <ClInclude Include="MailDll.h">
      <Filter>Headerdateien</Filter>
    </ClInclude>
    <ClInclude Include="MailLib.h">
      <Filter>Headerdateien</Filter>
    </ClInclude>
    <ClInclude Include="resource.h">
      <Filter>Headerdateien</Filter>
    </ClInclude>
    <ClInclude Include="Smtp\base64.h">
      <Filter>Smtp</Filter>
    </ClInclude>
    <ClInclude Include="Smtp\CSmtp.h">
      <Filter>Smtp</Filter>
    </ClInclude>
    <ClInclude Include="Smtp\md5.h">
      <Filter>Smtp</Filter>
    </ClInclude>
    <ClInclude Include="Utils\vector.h">
      <Filter>Utils</Filter>
    </ClInclude>
  </ItemGroup>
  <ItemGroup>
    <ResourceCompile Include="MailLib.rc">
      <Filter>Ressourcendateien</Filter>
    </ResourceCompile>
  </ItemGroup>
  <ItemGroup>
    <Library Include="Resources\SHLWAPI.LIB">
      <Filter>Ressourcendateien</Filter>
    </Library>
    <Library Include="Resources\VERSION.LIB">
      <Filter>Ressourcendateien</Filter>
    </Library>
    <Library Include="Resources\WS2_32.LIB">
      <Filter>Ressourcendateien</Filter>
    </Library>
  </ItemGroup>
  <ItemGroup>
    <None Include="..\SampleContent\Test-Anhang.csv">
      <Filter>SampleContent</Filter>
    </None>
    <None Include="..\SampleContent\Test-HTML-Inhalt.html">
      <Filter>SampleContent</Filter>
    </None>
    <None Include="..\SampleContent\Test-HTML-Template-Simple.html">
      <Filter>SampleContent</Filter>
    </None>
    <None Include="..\SampleContent\Test-HTML-Template.html">
      <Filter>SampleContent</Filter>
    </None>
  </ItemGroup>
</Project>